<?xml version="1.0" encoding="UTF-8" standalone="yes" ?>
<CodeBlocks_project_file>
	<FileVersion major="1" minor="6" />
	<Project>
		<Option title="Lamiae" />
		<Option compiler="gcc" />
		<Build>
			<Target title="32bit release">
				<Option output="../../bin/w32/lamiae.exe" prefix_auto="0" extension_auto="0" />
				<Option working_dir="../../" />
				<Option object_output=".objs32" />
				<Option type="0" />
				<Option compiler="gcc" />
				<Option parameters='&quot;-u$HOME\My Games\Lamiae&quot; -gstdout.txt' />
				<Option host_application="../../bin/w32/lamiae.exe" />
				<Option run_host_application_in_terminal="0" />
				<Compiler>
					<Add option="-O2" />
					<Add option="-fsigned-char" />
					<Add option="-fno-rtti" />
					<Add option="-fno-exceptions" />
					<Add option="-m32" />
					<Add directory="../rpggame" />
				</Compiler>
				<Linker>
					<Add option="-s" />
					<Add option="-m32" />
					<Add directory="../../bin/w32" />
					<Add directory="../lib" />
				</Linker>
				<Environment>
					<Variable name="WINDRES_TARGET" value="pe-i386" />
				</Environment>
			</Target>
			<Target title="64bit release">
				<Option output="../../bin/w64/lamiae.exe" prefix_auto="0" extension_auto="0" />
				<Option working_dir="../../" />
				<Option object_output=".objs64" />
				<Option type="0" />
				<Option compiler="gcc" />
				<Option parameters='&quot;-u$HOME\My Games\Lamiae&quot; -gstdout.txt' />
				<Option host_application="../../bin/w64/lamiae.exe" />
				<Option run_host_application_in_terminal="0" />
				<Compiler>
					<Add option="-O2" />
					<Add option="-fsigned-char" />
					<Add option="-fno-rtti" />
					<Add option="-fno-exceptions" />
					<Add option="-m64" />
					<Add directory="../rpggame" />
				</Compiler>
				<Linker>
					<Add option="-s" />
					<Add option="-m64" />
					<Add directory="../../bin/w64" />
					<Add directory="../lib64" />
				</Linker>
				<Environment>
					<Variable name="WINDRES_TARGET" value="pe-x86-64" />
				</Environment>
			</Target>
			<Target title="32bit debug">
				<Option output="../../bin/w32/lamiae-dbg.exe" prefix_auto="0" extension_auto="0" />
				<Option working_dir="../../" />
				<Option object_output=".objs32-dbg" />
				<Option type="0" />
				<Option compiler="gcc" />
				<Option parameters='&quot;-u$HOME\My Games\Lamiae&quot; -gstdout.txt' />
				<Option host_application="../../bin/w32/lamiae-dbg.exe" />
				<Option run_host_application_in_terminal="0" />
				<Compiler>
					<Add option="-g" />
					<Add option="-fsigned-char" />
					<Add option="-fno-rtti" />
					<Add option="-fno-exceptions" />
					<Add option="-m32" />
					<Add directory="../rpggame" />
				</Compiler>
				<Linker>
					<Add option="-m32" />
					<Add directory="../../bin/w32" />
					<Add directory="../lib" />
				</Linker>
				<Environment>
					<Variable name="WINDRES_TARGET" value="pe-i386" />
				</Environment>
			</Target>
			<Target title="64bit debug">
				<Option output="../../bin/w64/lamiae-dbg.exe" prefix_auto="0" extension_auto="0" />
				<Option working_dir="../../" />
				<Option object_output=".objs64-dbg" />
				<Option type="0" />
				<Option compiler="gcc" />
				<Option parameters='&quot;-u$HOME\My Games\Lamiae&quot; -gstdout.txt' />
				<Option host_application="../../bin/w64/lamiae-dbg.exe" />
				<Option run_host_application_in_terminal="0" />
				<Compiler>
					<Add option="-g" />
					<Add option="-fsigned-char" />
					<Add option="-fno-rtti" />
					<Add option="-fno-exceptions" />
					<Add option="-m64" />
					<Add directory="../rpggame" />
				</Compiler>
				<Linker>
					<Add option="-m64" />
					<Add directory="../../bin/w64" />
					<Add directory="../lib64" />
				</Linker>
				<Environment>
					<Variable name="WINDRES_TARGET" value="pe-x86-64" />
				</Environment>
			</Target>
		</Build>
		<VirtualTargets>
			<Add alias="Debug" targets="32bit debug;64bit debug;" />
			<Add alias="Release" targets="32bit release;64bit release;" />
		</VirtualTargets>
		<Compiler>
			<Add option="-Wall" />
			<Add directory="../enet/include" />
			<Add directory="../include" />
			<Add directory="../engine" />
			<Add directory="../shared" />
			<Add directory="../windows" />
		</Compiler>
		<ResourceCompiler>
			<Add directory="resources" />
		</ResourceCompiler>
		<Linker>
			<Add option="-mwindows" />
			<Add library="SDL2" />
			<Add library="SDL2_image" />
			<Add library="SDL2_mixer" />
			<Add library="zlib1" />
			<Add library="opengl32" />
			<Add library="enet" />
			<Add library="ws2_32" />
			<Add library="winmm" />
		</Linker>
		<Unit filename="../enet/include/enet/callbacks.h">
			<Option target="&lt;{~None~}&gt;" />
		</Unit>
		<Unit filename="../enet/include/enet/enet.h">
			<Option target="&lt;{~None~}&gt;" />
		</Unit>
		<Unit filename="../enet/include/enet/list.h">
			<Option target="&lt;{~None~}&gt;" />
		</Unit>
		<Unit filename="../enet/include/enet/protocol.h">
			<Option target="&lt;{~None~}&gt;" />
		</Unit>
		<Unit filename="../enet/include/enet/time.h">
			<Option target="&lt;{~None~}&gt;" />
		</Unit>
		<Unit filename="../enet/include/enet/types.h">
			<Option target="&lt;{~None~}&gt;" />
		</Unit>
		<Unit filename="../enet/include/enet/unix.h">
			<Option target="&lt;{~None~}&gt;" />
		</Unit>
		<Unit filename="../enet/include/enet/utility.h">
			<Option target="&lt;{~None~}&gt;" />
		</Unit>
		<Unit filename="../enet/include/enet/win32.h">
			<Option target="&lt;{~None~}&gt;" />
		</Unit>
		<Unit filename="../engine/aa.cpp" />
		<Unit filename="../engine/animmodel.h" />
		<Unit filename="../engine/bih.cpp" />
		<Unit filename="../engine/bih.h" />
		<Unit filename="../engine/blend.cpp" />
		<Unit filename="../engine/client.cpp" />
		<Unit filename="../engine/command.cpp" />
		<Unit filename="../engine/console.cpp" />
		<Unit filename="../engine/dynlight.cpp" />
		<Unit filename="../engine/engine.h" />
		<Unit filename="../engine/explosion.h" />
		<Unit filename="../engine/grass.cpp" />
		<Unit filename="../engine/hitzone.h" />
		<Unit filename="../engine/iqm.h" />
		<Unit filename="../engine/lensflare.h" />
		<Unit filename="../engine/light.cpp" />
		<Unit filename="../engine/light.h" />
		<Unit filename="../engine/lightning.h" />
		<Unit filename="../engine/main.cpp" />
		<Unit filename="../engine/material.cpp" />
		<Unit filename="../engine/md3.h" />
		<Unit filename="../engine/md5.h" />
		<Unit filename="../engine/model.h" />
		<Unit filename="../engine/movie.cpp" />
		<Unit filename="../engine/mpr.h" />
		<Unit filename="../engine/normal.cpp" />
		<Unit filename="../engine/obj.h" />
		<Unit filename="../engine/octa.cpp" />
		<Unit filename="../engine/octa.h" />
		<Unit filename="../engine/octaedit.cpp" />
		<Unit filename="../engine/octarender.cpp" />
		<Unit filename="../engine/physics.cpp" />
		<Unit filename="../engine/pvs.cpp" />
		<Unit filename="../engine/ragdoll.h" />
		<Unit filename="../engine/rendergl.cpp" />
		<Unit filename="../engine/renderlights.cpp" />
		<Unit filename="../engine/rendermodel.cpp" />
		<Unit filename="../engine/renderparticles.cpp" />
		<Unit filename="../engine/rendersky.cpp" />
		<Unit filename="../engine/rendertext.cpp" />
		<Unit filename="../engine/renderva.cpp" />
		<Unit filename="../engine/scale.h" />
		<Unit filename="../engine/server.cpp" />
		<Unit filename="../engine/serverbrowser.cpp" />
		<Unit filename="../engine/shader.cpp" />
		<Unit filename="../engine/skelmodel.h" />
		<Unit filename="../engine/smd.h" />
		<Unit filename="../engine/sound.cpp" />
		<Unit filename="../engine/stain.cpp" />
		<Unit filename="../engine/textedit.h" />
		<Unit filename="../engine/texture.cpp" />
		<Unit filename="../engine/texture.h" />
		<Unit filename="../engine/ui.cpp" />
		<Unit filename="../engine/vertmodel.h" />
		<Unit filename="../engine/water.cpp" />
		<Unit filename="../engine/world.cpp" />
		<Unit filename="../engine/world.h" />
		<Unit filename="../engine/worldio.cpp" />
		<Unit filename="../include/GL/glext.h" />
		<Unit filename="../include/SDL.h" />
		<Unit filename="../include/SDL_assert.h" />
		<Unit filename="../include/SDL_atomic.h" />
		<Unit filename="../include/SDL_audio.h" />
		<Unit filename="../include/SDL_bits.h" />
		<Unit filename="../include/SDL_blendmode.h" />
		<Unit filename="../include/SDL_clipboard.h" />
		<Unit filename="../include/SDL_config.h" />
		<Unit filename="../include/SDL_config_macosx.h" />
		<Unit filename="../include/SDL_config_windows.h" />
		<Unit filename="../include/SDL_copying.h" />
		<Unit filename="../include/SDL_cpuinfo.h" />
		<Unit filename="../include/SDL_endian.h" />
		<Unit filename="../include/SDL_error.h" />
		<Unit filename="../include/SDL_events.h" />
		<Unit filename="../include/SDL_gamecontroller.h" />
		<Unit filename="../include/SDL_gesture.h" />
		<Unit filename="../include/SDL_haptic.h" />
		<Unit filename="../include/SDL_hints.h" />
		<Unit filename="../include/SDL_image.h" />
		<Unit filename="../include/SDL_joystick.h" />
		<Unit filename="../include/SDL_keyboard.h" />
		<Unit filename="../include/SDL_keycode.h" />
		<Unit filename="../include/SDL_loadso.h" />
		<Unit filename="../include/SDL_log.h" />
		<Unit filename="../include/SDL_main.h" />
		<Unit filename="../include/SDL_messagebox.h" />
		<Unit filename="../include/SDL_mixer.h" />
		<Unit filename="../include/SDL_mouse.h" />
		<Unit filename="../include/SDL_mutex.h" />
		<Unit filename="../include/SDL_name.h" />
		<Unit filename="../include/SDL_opengl.h" />
		<Unit filename="../include/SDL_opengles.h" />
		<Unit filename="../include/SDL_opengles2.h" />
		<Unit filename="../include/SDL_pixels.h" />
		<Unit filename="../include/SDL_platform.h" />
		<Unit filename="../include/SDL_power.h" />
		<Unit filename="../include/SDL_quit.h" />
		<Unit filename="../include/SDL_rect.h" />
		<Unit filename="../include/SDL_render.h" />
		<Unit filename="../include/SDL_revision.h" />
		<Unit filename="../include/SDL_rwops.h" />
		<Unit filename="../include/SDL_scancode.h" />
		<Unit filename="../include/SDL_shape.h" />
		<Unit filename="../include/SDL_stdinc.h" />
		<Unit filename="../include/SDL_surface.h" />
		<Unit filename="../include/SDL_system.h" />
		<Unit filename="../include/SDL_syswm.h" />
		<Unit filename="../include/SDL_thread.h" />
		<Unit filename="../include/SDL_timer.h" />
		<Unit filename="../include/SDL_touch.h" />
		<Unit filename="../include/SDL_types.h" />
		<Unit filename="../include/SDL_version.h" />
		<Unit filename="../include/SDL_video.h" />
		<Unit filename="../include/begin_code.h" />
		<Unit filename="../include/close_code.h" />
		<Unit filename="../include/zconf.h" />
		<Unit filename="../include/zlib.h" />
		<Unit filename="../rpggame/rpg.cpp" />
		<Unit filename="../rpggame/rpgaction.cpp" />
		<Unit filename="../rpggame/rpgai.cpp" />
		<Unit filename="../rpggame/rpgcamera.cpp" />
		<Unit filename="../rpggame/rpgchar.cpp" />
		<Unit filename="../rpggame/rpgconfig.cpp" />
		<Unit filename="../rpggame/rpgcontainer.cpp" />
		<Unit filename="../rpggame/rpgeffect.cpp" />
		<Unit filename="../rpggame/rpgentities.cpp" />
		<Unit filename="../rpggame/rpggame.h" />
		<Unit filename="../rpggame/rpggui.cpp" />
		<Unit filename="../rpggame/rpghud.cpp" />
		<Unit filename="../rpggame/rpgio.cpp" />
		<Unit filename="../rpggame/rpgitem.cpp" />
		<Unit filename="../rpggame/rpgobstacle.cpp" />
		<Unit filename="../rpggame/rpgplatform.cpp" />
		<Unit filename="../rpggame/rpgproj.cpp" />
		<Unit filename="../rpggame/rpgrender.cpp" />
		<Unit filename="../rpggame/rpgreserved.cpp" />
		<Unit filename="../rpggame/rpgscript.cpp" />
		<Unit filename="../rpggame/rpgstats.cpp" />
		<Unit filename="../rpggame/rpgstatus.cpp" />
		<Unit filename="../rpggame/rpgstubs.cpp" />
		<Unit filename="../rpggame/rpgtest.cpp" />
		<Unit filename="../rpggame/rpgtrigger.cpp" />
		<Unit filename="../rpggame/waypoint.cpp" />
		<Unit filename="../shared/command.h" />
		<Unit filename="../shared/crypto.cpp" />
		<Unit filename="../shared/cube.h">
			<Option compile="1" />
			<Option weight="0" />
		</Unit>
		<Unit filename="../shared/cube2font.c">
			<Option compilerVar="CC" />
			<Option target="&lt;{~None~}&gt;" />
		</Unit>
		<Unit filename="../shared/ents.h" />
		<Unit filename="../shared/geom.cpp" />
		<Unit filename="../shared/geom.h" />
		<Unit filename="../shared/glemu.cpp" />
		<Unit filename="../shared/glemu.h" />
		<Unit filename="../shared/glexts.h" />
		<Unit filename="../shared/iengine.h" />
		<Unit filename="../shared/igame.h" />
		<Unit filename="../shared/stream.cpp" />
		<Unit filename="../shared/tools.cpp" />
		<Unit filename="../shared/tools.h" />
		<Unit filename="../shared/zip.cpp" />
		<Unit filename="resources/lamiae.rc">
			<Option compilerVar="WINDRES" />
			<Option compiler="gcc" use="1" buildCommand="$rescomp -F $WINDRES_TARGET -i $file -J rc -o $resource_output -O coff $res_includes" />
		</Unit>
		<Unit filename="resources/mingw.rc">
			<Option compilerVar="WINDRES" />
			<Option compiler="gcc" use="1" buildCommand="$rescomp -F $WINDRES_TARGET -i $file -J rc -o $resource_output -O coff $res_includes" />
		</Unit>
		<Extensions>
			<code_completion />
			<envvars />
			<debugger />
			<DoxyBlocks>
				<comment_style block="0" line="0" />
				<doxyfile_project />
				<doxyfile_build />
				<doxyfile_warnings />
				<doxyfile_output />
				<doxyfile_dot />
				<general />
			</DoxyBlocks>
		</Extensions>
	</Project>
</CodeBlocks_project_file>
